
Microsoft Visual Studio Solution File, Format Version 12.00
# Visual Studio 15
Project("{FAE04EC0-301F-11D3-BF4B-00C04F79EFBC}") = "VRM10.Tests", "VRM10.Tests.csproj", "{40A51A6C-A54A-0D9E-47CE-D089B1F1E101}"
EndProject
Project("{FAE04EC0-301F-11D3-BF4B-00C04F79EFBC}") = "UniHumanoid", "UniHumanoid.csproj", "{374DAD18-41AB-A3B4-170E-AAB236435463}"
EndProject
Project("{FAE04EC0-301F-11D3-BF4B-00C04F79EFBC}") = "VRM10.Editor", "VRM10.Editor.csproj", "{34EC4538-37F7-6587-6AD9-8018E7BB2DC4}"
EndProject
Project("{FAE04EC0-301F-11D3-BF4B-00C04F79EFBC}") = "UniGLTF.Editor", "UniGLTF.Editor.csproj", "{752CCB34-AD2F-E6A8-57EA-831583BF4901}"
EndProject
Project("{FAE04EC0-301F-11D3-BF4B-00C04F79EFBC}") = "UniGLTF", "UniGLTF.csproj", "{FE70B4E2-C958-2545-E977-E3D2D7FEF277}"
EndProject
Project("{FAE04EC0-301F-11D3-BF4B-00C04F79EFBC}") = "VRM10", "VRM10.csproj", "{665B07B4-9339-B9E3-2753-6823A803DDB8}"
EndProject
Project("{FAE04EC0-301F-11D3-BF4B-00C04F79EFBC}") = "VRM10.MToon10", "VRM10.MToon10.csproj", "{15EAB818-509E-861E-2D30-1C35FB0333C5}"
EndProject
Project("{FAE04EC0-301F-11D3-BF4B-00C04F79EFBC}") = "UniGLTF.Tests", "UniGLTF.Tests.csproj", "{E92E9421-FFA0-F705-F24F-164C7DABC82B}"
EndProject
Project("{FAE04EC0-301F-11D3-BF4B-00C04F79EFBC}") = "FastSpringBone10", "FastSpringBone10.csproj", "{39BA169A-7D95-056C-F604-172203434D65}"
EndProject
Project("{FAE04EC0-301F-11D3-BF4B-00C04F79EFBC}") = "VrmLib", "VrmLib.csproj", "{DA6525F5-AE50-2D71-2D33-247DC0C6D939}"
EndProject
Project("{FAE04EC0-301F-11D3-BF4B-00C04F79EFBC}") = "VrmLibTests", "VrmLibTests.csproj", "{FFBC3D4A-D05A-A678-4084-D902EAEAC3E7}"
EndProject
Project("{FAE04EC0-301F-11D3-BF4B-00C04F79EFBC}") = "UniGLTF.UniUnlit", "UniGLTF.UniUnlit.csproj", "{B12EBE28-8B2D-45D4-2F70-155057190F43}"
EndProject
Project("{FAE04EC0-301F-11D3-BF4B-00C04F79EFBC}") = "UniGLTF.UniUnlit.Editor", "UniGLTF.UniUnlit.Editor.csproj", "{6EA3D281-7BCA-02E0-A909-5CD67B363037}"
EndProject
Project("{FAE04EC0-301F-11D3-BF4B-00C04F79EFBC}") = "UniGLTF.Utils", "UniGLTF.Utils.csproj", "{29190513-BD6F-7A20-F715-3CF1B4B83593}"
EndProject
Project("{FAE04EC0-301F-11D3-BF4B-00C04F79EFBC}") = "Assembly-CSharp", "Assembly-CSharp.csproj", "{27A14636-4416-37DD-E4F5-568B61906576}"
EndProject
Project("{FAE04EC0-301F-11D3-BF4B-00C04F79EFBC}") = "Assembly-CSharp-Editor", "Assembly-CSharp-Editor.csproj", "{6409F907-0DBD-BC92-774A-AAC0545C0135}"
EndProject
Project("{FAE04EC0-301F-11D3-BF4B-00C04F79EFBC}") = "VRM10.MToon10.Tests", "VRM10.MToon10.Tests.csproj", "{34245075-4898-2F13-C89A-1BA15724BED3}"
EndProject
Project("{FAE04EC0-301F-11D3-BF4B-00C04F79EFBC}") = "VRM10.MToon10.Editor", "VRM10.MToon10.Editor.csproj", "{2AD2364F-4AFA-7AAF-E9F8-9F86BEA87DC0}"
EndProject
Project("{FAE04EC0-301F-11D3-BF4B-00C04F79EFBC}") = "UniHumanoid.Editor", "UniHumanoid.Editor.csproj", "{8F8E53C9-FEF7-7041-9DEE-24630FFE6678}"
EndProject
Project("{FAE04EC0-301F-11D3-BF4B-00C04F79EFBC}") = "UniHumanoid.Editor.Tests", "UniHumanoid.Editor.Tests.csproj", "{577FDC11-9F16-0EA3-34DE-CE3C18F55E84}"
EndProject
Global
	GlobalSection(SolutionConfigurationPlatforms) = preSolution
		Debug|Any CPU = Debug|Any CPU
		Release|Any CPU = Release|Any CPU
	EndGlobalSection
	GlobalSection(ProjectConfigurationPlatforms) = postSolution
		{40A51A6C-A54A-0D9E-47CE-D089B1F1E101}.Debug|Any CPU.ActiveCfg = Debug|Any CPU
		{40A51A6C-A54A-0D9E-47CE-D089B1F1E101}.Debug|Any CPU.Build.0 = Debug|Any CPU
		{40A51A6C-A54A-0D9E-47CE-D089B1F1E101}.Release|Any CPU.ActiveCfg = Release|Any CPU
		{40A51A6C-A54A-0D9E-47CE-D089B1F1E101}.Release|Any CPU.Build.0 = Release|Any CPU
		{374DAD18-41AB-A3B4-170E-AAB236435463}.Debug|Any CPU.ActiveCfg = Debug|Any CPU
		{374DAD18-41AB-A3B4-170E-AAB236435463}.Debug|Any CPU.Build.0 = Debug|Any CPU
		{374DAD18-41AB-A3B4-170E-AAB236435463}.Release|Any CPU.ActiveCfg = Release|Any CPU
		{374DAD18-41AB-A3B4-170E-AAB236435463}.Release|Any CPU.Build.0 = Release|Any CPU
		{34EC4538-37F7-6587-6AD9-8018E7BB2DC4}.Debug|Any CPU.ActiveCfg = Debug|Any CPU
		{34EC4538-37F7-6587-6AD9-8018E7BB2DC4}.Debug|Any CPU.Build.0 = Debug|Any CPU
		{34EC4538-37F7-6587-6AD9-8018E7BB2DC4}.Release|Any CPU.ActiveCfg = Release|Any CPU
		{34EC4538-37F7-6587-6AD9-8018E7BB2DC4}.Release|Any CPU.Build.0 = Release|Any CPU
		{752CCB34-AD2F-E6A8-57EA-831583BF4901}.Debug|Any CPU.ActiveCfg = Debug|Any CPU
		{752CCB34-AD2F-E6A8-57EA-831583BF4901}.Debug|Any CPU.Build.0 = Debug|Any CPU
		{752CCB34-AD2F-E6A8-57EA-831583BF4901}.Release|Any CPU.ActiveCfg = Release|Any CPU
		{752CCB34-AD2F-E6A8-57EA-831583BF4901}.Release|Any CPU.Build.0 = Release|Any CPU
		{FE70B4E2-C958-2545-E977-E3D2D7FEF277}.Debug|Any CPU.ActiveCfg = Debug|Any CPU
		{FE70B4E2-C958-2545-E977-E3D2D7FEF277}.Debug|Any CPU.Build.0 = Debug|Any CPU
		{FE70B4E2-C958-2545-E977-E3D2D7FEF277}.Release|Any CPU.ActiveCfg = Release|Any CPU
		{FE70B4E2-C958-2545-E977-E3D2D7FEF277}.Release|Any CPU.Build.0 = Release|Any CPU
		{665B07B4-9339-B9E3-2753-6823A803DDB8}.Debug|Any CPU.ActiveCfg = Debug|Any CPU
		{665B07B4-9339-B9E3-2753-6823A803DDB8}.Debug|Any CPU.Build.0 = Debug|Any CPU
		{665B07B4-9339-B9E3-2753-6823A803DDB8}.Release|Any CPU.ActiveCfg = Release|Any CPU
		{665B07B4-9339-B9E3-2753-6823A803DDB8}.Release|Any CPU.Build.0 = Release|Any CPU
		{15EAB818-509E-861E-2D30-1C35FB0333C5}.Debug|Any CPU.ActiveCfg = Debug|Any CPU
		{15EAB818-509E-861E-2D30-1C35FB0333C5}.Debug|Any CPU.Build.0 = Debug|Any CPU
		{15EAB818-509E-861E-2D30-1C35FB0333C5}.Release|Any CPU.ActiveCfg = Release|Any CPU
		{15EAB818-509E-861E-2D30-1C35FB0333C5}.Release|Any CPU.Build.0 = Release|Any CPU
		{E92E9421-FFA0-F705-F24F-164C7DABC82B}.Debug|Any CPU.ActiveCfg = Debug|Any CPU
		{E92E9421-FFA0-F705-F24F-164C7DABC82B}.Debug|Any CPU.Build.0 = Debug|Any CPU
		{E92E9421-FFA0-F705-F24F-164C7DABC82B}.Release|Any CPU.ActiveCfg = Release|Any CPU
		{E92E9421-FFA0-F705-F24F-164C7DABC82B}.Release|Any CPU.Build.0 = Release|Any CPU
		{39BA169A-7D95-056C-F604-172203434D65}.Debug|Any CPU.ActiveCfg = Debug|Any CPU
		{39BA169A-7D95-056C-F604-172203434D65}.Debug|Any CPU.Build.0 = Debug|Any CPU
		{39BA169A-7D95-056C-F604-172203434D65}.Release|Any CPU.ActiveCfg = Release|Any CPU
		{39BA169A-7D95-056C-F604-172203434D65}.Release|Any CPU.Build.0 = Release|Any CPU
		{DA6525F5-AE50-2D71-2D33-247DC0C6D939}.Debug|Any CPU.ActiveCfg = Debug|Any CPU
		{DA6525F5-AE50-2D71-2D33-247DC0C6D939}.Debug|Any CPU.Build.0 = Debug|Any CPU
		{DA6525F5-AE50-2D71-2D33-247DC0C6D939}.Release|Any CPU.ActiveCfg = Release|Any CPU
		{DA6525F5-AE50-2D71-2D33-247DC0C6D939}.Release|Any CPU.Build.0 = Release|Any CPU
		{FFBC3D4A-D05A-A678-4084-D902EAEAC3E7}.Debug|Any CPU.ActiveCfg = Debug|Any CPU
		{FFBC3D4A-D05A-A678-4084-D902EAEAC3E7}.Debug|Any CPU.Build.0 = Debug|Any CPU
		{FFBC3D4A-D05A-A678-4084-D902EAEAC3E7}.Release|Any CPU.ActiveCfg = Release|Any CPU
		{FFBC3D4A-D05A-A678-4084-D902EAEAC3E7}.Release|Any CPU.Build.0 = Release|Any CPU
		{B12EBE28-8B2D-45D4-2F70-155057190F43}.Debug|Any CPU.ActiveCfg = Debug|Any CPU
		{B12EBE28-8B2D-45D4-2F70-155057190F43}.Debug|Any CPU.Build.0 = Debug|Any CPU
		{B12EBE28-8B2D-45D4-2F70-155057190F43}.Release|Any CPU.ActiveCfg = Release|Any CPU
		{B12EBE28-8B2D-45D4-2F70-155057190F43}.Release|Any CPU.Build.0 = Release|Any CPU
		{6EA3D281-7BCA-02E0-A909-5CD67B363037}.Debug|Any CPU.ActiveCfg = Debug|Any CPU
		{6EA3D281-7BCA-02E0-A909-5CD67B363037}.Debug|Any CPU.Build.0 = Debug|Any CPU
		{6EA3D281-7BCA-02E0-A909-5CD67B363037}.Release|Any CPU.ActiveCfg = Release|Any CPU
		{6EA3D281-7BCA-02E0-A909-5CD67B363037}.Release|Any CPU.Build.0 = Release|Any CPU
		{29190513-BD6F-7A20-F715-3CF1B4B83593}.Debug|Any CPU.ActiveCfg = Debug|Any CPU
		{29190513-BD6F-7A20-F715-3CF1B4B83593}.Debug|Any CPU.Build.0 = Debug|Any CPU
		{29190513-BD6F-7A20-F715-3CF1B4B83593}.Release|Any CPU.ActiveCfg = Release|Any CPU
		{29190513-BD6F-7A20-F715-3CF1B4B83593}.Release|Any CPU.Build.0 = Release|Any CPU
		{27A14636-4416-37DD-E4F5-568B61906576}.Debug|Any CPU.ActiveCfg = Debug|Any CPU
		{27A14636-4416-37DD-E4F5-568B61906576}.Debug|Any CPU.Build.0 = Debug|Any CPU
		{27A14636-4416-37DD-E4F5-568B61906576}.Release|Any CPU.ActiveCfg = Release|Any CPU
		{27A14636-4416-37DD-E4F5-568B61906576}.Release|Any CPU.Build.0 = Release|Any CPU
		{6409F907-0DBD-BC92-774A-AAC0545C0135}.Debug|Any CPU.ActiveCfg = Debug|Any CPU
		{6409F907-0DBD-BC92-774A-AAC0545C0135}.Debug|Any CPU.Build.0 = Debug|Any CPU
		{6409F907-0DBD-BC92-774A-AAC0545C0135}.Release|Any CPU.ActiveCfg = Release|Any CPU
		{6409F907-0DBD-BC92-774A-AAC0545C0135}.Release|Any CPU.Build.0 = Release|Any CPU
		{34245075-4898-2F13-C89A-1BA15724BED3}.Debug|Any CPU.ActiveCfg = Debug|Any CPU
		{34245075-4898-2F13-C89A-1BA15724BED3}.Debug|Any CPU.Build.0 = Debug|Any CPU
		{34245075-4898-2F13-C89A-1BA15724BED3}.Release|Any CPU.ActiveCfg = Release|Any CPU
		{34245075-4898-2F13-C89A-1BA15724BED3}.Release|Any CPU.Build.0 = Release|Any CPU
		{2AD2364F-4AFA-7AAF-E9F8-9F86BEA87DC0}.Debug|Any CPU.ActiveCfg = Debug|Any CPU
		{2AD2364F-4AFA-7AAF-E9F8-9F86BEA87DC0}.Debug|Any CPU.Build.0 = Debug|Any CPU
		{2AD2364F-4AFA-7AAF-E9F8-9F86BEA87DC0}.Release|Any CPU.ActiveCfg = Release|Any CPU
		{2AD2364F-4AFA-7AAF-E9F8-9F86BEA87DC0}.Release|Any CPU.Build.0 = Release|Any CPU
		{8F8E53C9-FEF7-7041-9DEE-24630FFE6678}.Debug|Any CPU.ActiveCfg = Debug|Any CPU
		{8F8E53C9-FEF7-7041-9DEE-24630FFE6678}.Debug|Any CPU.Build.0 = Debug|Any CPU
		{8F8E53C9-FEF7-7041-9DEE-24630FFE6678}.Release|Any CPU.ActiveCfg = Release|Any CPU
		{8F8E53C9-FEF7-7041-9DEE-24630FFE6678}.Release|Any CPU.Build.0 = Release|Any CPU
		{577FDC11-9F16-0EA3-34DE-CE3C18F55E84}.Debug|Any CPU.ActiveCfg = Debug|Any CPU
		{577FDC11-9F16-0EA3-34DE-CE3C18F55E84}.Debug|Any CPU.Build.0 = Debug|Any CPU
		{577FDC11-9F16-0EA3-34DE-CE3C18F55E84}.Release|Any CPU.ActiveCfg = Release|Any CPU
		{577FDC11-9F16-0EA3-34DE-CE3C18F55E84}.Release|Any CPU.Build.0 = Release|Any CPU
	EndGlobalSection
	GlobalSection(SolutionProperties) = preSolution
		HideSolutionNode = FALSE
	EndGlobalSection
EndGlobal
